// !$*UTF8*$!
{
	archiveVersion = 1;
	classes = {
	};
	objectVersion = 55;
	objects = {

/* Begin PBXBuildFile section */
		3FE446F9275FC7E400CA3F61 /* Contact.swift in Sources */ = {isa = PBXBuildFile; fileRef = 3FE446F8275FC7E400CA3F61 /* Contact.swift */; };
		3FF4C3B1275F83F3008C3A67 /* AppDelegate.swift in Sources */ = {isa = PBXBuildFile; fileRef = 3FF4C3B0275F83F3008C3A67 /* AppDelegate.swift */; };
		3FF4C3B3275F83F3008C3A67 /* SceneDelegate.swift in Sources */ = {isa = PBXBuildFile; fileRef = 3FF4C3B2275F83F3008C3A67 /* SceneDelegate.swift */; };
		3FF4C3B5275F83F3008C3A67 /* ContactsListViewController.swift in Sources */ = {isa = PBXBuildFile; fileRef = 3FF4C3B4275F83F3008C3A67 /* ContactsListViewController.swift */; };
		3FF4C3B8275F83F3008C3A67 /* Main.storyboard in Resources */ = {isa = PBXBuildFile; fileRef = 3FF4C3B6275F83F3008C3A67 /* Main.storyboard */; };
		3FF4C3BA275F83F4008C3A67 /* Assets.xcassets in Resources */ = {isa = PBXBuildFile; fileRef = 3FF4C3B9275F83F4008C3A67 /* Assets.xcassets */; };
		3FF4C3BD275F83F4008C3A67 /* LaunchScreen.storyboard in Resources */ = {isa = PBXBuildFile; fileRef = 3FF4C3BB275F83F4008C3A67 /* LaunchScreen.storyboard */; };
		3FF4C3C9275F9395008C3A67 /* ContactAddViewController.swift in Sources */ = {isa = PBXBuildFile; fileRef = 3FF4C3C8275F9395008C3A67 /* ContactAddViewController.swift */; };
		3FFEB0F027607231004B5A42 /* ContactDetailViewController.swift in Sources */ = {isa = PBXBuildFile; fileRef = 3FFEB0EF27607231004B5A42 /* ContactDetailViewController.swift */; };
/* End PBXBuildFile section */

/* Begin PBXFileReference section */
		3FE446F8275FC7E400CA3F61 /* Contact.swift */ = {isa = PBXFileReference; lastKnownFileType = sourcecode.swift; path = Contact.swift; sourceTree = "<group>"; };
		3FF4C3AD275F83F2008C3A67 /* Contacts.app */ = {isa = PBXFileReference; explicitFileType = wrapper.application; includeInIndex = 0; path = Contacts.app; sourceTree = BUILT_PRODUCTS_DIR; };
		3FF4C3B0275F83F3008C3A67 /* AppDelegate.swift */ = {isa = PBXFileReference; lastKnownFileType = sourcecode.swift; path = AppDelegate.swift; sourceTree = "<group>"; };
		3FF4C3B2275F83F3008C3A67 /* SceneDelegate.swift */ = {isa = PBXFileReference; lastKnownFileType = sourcecode.swift; path = SceneDelegate.swift; sourceTree = "<group>"; };
		3FF4C3B4275F83F3008C3A67 /* ContactsListViewController.swift */ = {isa = PBXFileReference; lastKnownFileType = sourcecode.swift; path = ContactsListViewController.swift; sourceTree = "<group>"; };
		3FF4C3B7275F83F3008C3A67 /* Base */ = {isa = PBXFileReference; lastKnownFileType = file.storyboard; name = Base; path = Base.lproj/Main.storyboard; sourceTree = "<group>"; };
		3FF4C3B9275F83F4008C3A67 /* Assets.xcassets */ = {isa = PBXFileReference; lastKnownFileType = folder.assetcatalog; path = Assets.xcassets; sourceTree = "<group>"; };
		3FF4C3BC275F83F4008C3A67 /* Base */ = {isa = PBXFileReference; lastKnownFileType = file.storyboard; name = Base; path = Base.lproj/LaunchScreen.storyboard; sourceTree = "<group>"; };
		3FF4C3BE275F83F4008C3A67 /* Info.plist */ = {isa = PBXFileReference; lastKnownFileType = text.plist.xml; path = Info.plist; sourceTree = "<group>"; };
		3FF4C3C8275F9395008C3A67 /* ContactAddViewController.swift */ = {isa = PBXFileReference; lastKnownFileType = sourcecode.swift; path = ContactAddViewController.swift; sourceTree = "<group>"; };
		3FFEB0EF27607231004B5A42 /* ContactDetailViewController.swift */ = {isa = PBXFileReference; lastKnownFileType = sourcecode.swift; path = ContactDetailViewController.swift; sourceTree = "<group>"; };
/* End PBXFileReference section */

/* Begin PBXFrameworksBuildPhase section */
		3FF4C3AA275F83F2008C3A67 /* Frameworks */ = {
			isa = PBXFrameworksBuildPhase;
			buildActionMask = 2147483647;
			files = (
			);
			runOnlyForDeploymentPostprocessing = 0;
		};
/* End PBXFrameworksBuildPhase section */

/* Begin PBXGroup section */
		3FE446F7275FC7CE00CA3F61 /* Models */ = {
			isa = PBXGroup;
			children = (
				3FE446F8275FC7E400CA3F61 /* Contact.swift */,
			);
			path = Models;
			sourceTree = "<group>";
		};
		3FF4C3A4275F83F2008C3A67 = {
			isa = PBXGroup;
			children = (
				3FF4C3AF275F83F2008C3A67 /* Contacts */,
				3FF4C3AE275F83F2008C3A67 /* Products */,
			);
			sourceTree = "<group>";
		};
		3FF4C3AE275F83F2008C3A67 /* Products */ = {
			isa = PBXGroup;
			children = (
				3FF4C3AD275F83F2008C3A67 /* Contacts.app */,
			);
			name = Products;
			sourceTree = "<group>";
		};
		3FF4C3AF275F83F2008C3A67 /* Contacts */ = {
			isa = PBXGroup;
			children = (
				3FE446F7275FC7CE00CA3F61 /* Models */,
				3FF4C3C7275F8489008C3A67 /* Resources */,
				3FF4C3C5275F8451008C3A67 /* Supporting Files */,
				3FF4C3C4275F8438008C3A67 /* View Controllers */,
				3FF4C3C6275F8471008C3A67 /* Storyboards */,
			);
			path = Contacts;
			sourceTree = "<group>";
		};
		3FF4C3C4275F8438008C3A67 /* View Controllers */ = {
			isa = PBXGroup;
			children = (
				3FF4C3B4275F83F3008C3A67 /* ContactsListViewController.swift */,
				3FF4C3C8275F9395008C3A67 /* ContactAddViewController.swift */,
				3FFEB0EF27607231004B5A42 /* ContactDetailViewController.swift */,
			);
			path = "View Controllers";
			sourceTree = "<group>";
		};
		3FF4C3C5275F8451008C3A67 /* Supporting Files */ = {
			isa = PBXGroup;
			children = (
				3FF4C3B0275F83F3008C3A67 /* AppDelegate.swift */,
				3FF4C3B2275F83F3008C3A67 /* SceneDelegate.swift */,
				3FF4C3BE275F83F4008C3A67 /* Info.plist */,
			);
			path = "Supporting Files";
			sourceTree = "<group>";
		};
		3FF4C3C6275F8471008C3A67 /* Storyboards */ = {
			isa = PBXGroup;
			children = (
				3FF4C3B6275F83F3008C3A67 /* Main.storyboard */,
				3FF4C3BB275F83F4008C3A67 /* LaunchScreen.storyboard */,
			);
			path = Storyboards;
			sourceTree = "<group>";
		};
		3FF4C3C7275F8489008C3A67 /* Resources */ = {
			isa = PBXGroup;
			children = (
				3FF4C3B9275F83F4008C3A67 /* Assets.xcassets */,
			);
			path = Resources;
			sourceTree = "<group>";
		};
/* End PBXGroup section */

/* Begin PBXNativeTarget section */
		3FF4C3AC275F83F2008C3A67 /* Contacts */ = {
			isa = PBXNativeTarget;
			buildConfigurationList = 3FF4C3C1275F83F4008C3A67 /* Build configuration list for PBXNativeTarget "Contacts" */;
			buildPhases = (
				3FF4C3A9275F83F2008C3A67 /* Sources */,
				3FF4C3AA275F83F2008C3A67 /* Frameworks */,
				3FF4C3AB275F83F2008C3A67 /* Resources */,
			);
			buildRules = (
			);
			dependencies = (
			);
			name = Contacts;
			productName = Contacts;
			productReference = 3FF4C3AD275F83F2008C3A67 /* Contacts.app */;
			productType = "com.apple.product-type.application";
		};
/* End PBXNativeTarget section */

/* Begin PBXProject section */
		3FF4C3A5275F83F2008C3A67 /* Project object */ = {
			isa = PBXProject;
			attributes = {
				BuildIndependentTargetsInParallel = 1;
				LastSwiftUpdateCheck = 1300;
				LastUpgradeCheck = 1300;
				TargetAttributes = {
					3FF4C3AC275F83F2008C3A67 = {
						CreatedOnToolsVersion = 13.0;
					};
				};
			};
			buildConfigurationList = 3FF4C3A8275F83F2008C3A67 /* Build configuration list for PBXProject "Contacts" */;
			compatibilityVersion = "Xcode 13.0";
			developmentRegion = en;
			hasScannedForEncodings = 0;
			knownRegions = (
				en,
				Base,
			);
			mainGroup = 3FF4C3A4275F83F2008C3A67;
			productRefGroup = 3FF4C3AE275F83F2008C3A67 /* Products */;
			projectDirPath = "";
			projectRoot = "";
			targets = (
				3FF4C3AC275F83F2008C3A67 /* Contacts */,
			);
		};
/* End PBXProject section */

/* Begin PBXResourcesBuildPhase section */
		3FF4C3AB275F83F2008C3A67 /* Resources */ = {
			isa = PBXResourcesBuildPhase;
			buildActionMask = 2147483647;
			files = (
				3FF4C3BD275F83F4008C3A67 /* LaunchScreen.storyboard in Resources */,
				3FF4C3BA275F83F4008C3A67 /* Assets.xcassets in Resources */,
				3FF4C3B8275F83F3008C3A67 /* Main.storyboard in Resources */,
			);
			runOnlyForDeploymentPostprocessing = 0;
		};
/* End PBXResourcesBuildPhase section */

/* Begin PBXSourcesBuildPhase section */
		3FF4C3A9275F83F2008C3A67 /* Sources */ = {
			isa = PBXSourcesBuildPhase;
			buildActionMask = 2147483647;
			files = (
				3FF4C3B5275F83F3008C3A67 /* ContactsListViewController.swift in Sources */,
				3FF4C3C9275F9395008C3A67 /* ContactAddViewController.swift in Sources */,
				3FE446F9275FC7E400CA3F61 /* Contact.swift in Sources */,
				3FF4C3B1275F83F3008C3A67 /* AppDelegate.swift in Sources */,
				3FFEB0F027607231004B5A42 /* ContactDetailViewController.swift in Sources */,
				3FF4C3B3275F83F3008C3A67 /* SceneDelegate.swift in Sources */,
			);
			runOnlyForDeploymentPostprocessing = 0;
		};
/* End PBXSourcesBuildPhase section */

/* Begin PBXVariantGroup section */
		3FF4C3B6275F83F3008C3A67 /* Main.storyboard */ = {
			isa = PBXVariantGroup;
			children = (
				3FF4C3B7275F83F3008C3A67 /* Base */,
			);
			name = Main.storyboard;
			sourceTree = "<group>";
		};
		3FF4C3BB275F83F4008C3A67 /* LaunchScreen.storyboard */ = {
			isa = PBXVariantGroup;
			children = (
				3FF4C3BC275F83F4008C3A67 /* Base */,
			);
			name = LaunchScreen.storyboard;
			sourceTree = "<group>";
		};
/* End PBXVariantGroup section */

/* Begin XCBuildConfiguration section */
		3FF4C3BF275F83F4008C3A67 /* Debug */ = {
			isa = XCBuildConfiguration;
			buildSettings = {
				ALWAYS_SEARCH_USER_PATHS = NO;
				CLANG_ANALYZER_NONNULL = YES;
				CLANG_ANALYZER_NUMBER_OBJECT_CONVERSION = YES_AGGRESSIVE;
				CLANG_CXX_LANGUAGE_STANDARD = "gnu++17";
				CLANG_CXX_LIBRARY = "libc++";
				CLANG_ENABLE_MODULES = YES;
				CLANG_ENABLE_OBJC_ARC = YES;
				CLANG_ENABLE_OBJC_WEAK = YES;
				CLANG_WARN_BLOCK_CAPTURE_AUTORELEASING = YES;
				CLANG_WARN_BOOL_CONVERSION = YES;
				CLANG_WARN_COMMA = YES;
				CLANG_WARN_CONSTANT_CONVERSION = YES;
				CLANG_WARN_DEPRECATED_OBJC_IMPLEMENTATIONS = YES;
				CLANG_WARN_DIRECT_OBJC_ISA_USAGE = YES_ERROR;
				CLANG_WARN_DOCUMENTATION_COMMENTS = YES;
				CLANG_WARN_EMPTY_BODY = YES;
				CLANG_WARN_ENUM_CONVERSION = YES;
				CLANG_WARN_INFINITE_RECURSION = YES;
				CLANG_WARN_INT_CONVERSION = YES;
				CLANG_WARN_NON_LITERAL_NULL_CONVERSION = YES;
				CLANG_WARN_OBJC_IMPLICIT_RETAIN_SELF = YES;
				CLANG_WARN_OBJC_LITERAL_CONVERSION = YES;
				CLANG_WARN_OBJC_ROOT_CLASS = YES_ERROR;
				CLANG_WARN_QUOTED_INCLUDE_IN_FRAMEWORK_HEADER = YES;
				CLANG_WARN_RANGE_LOOP_ANALYSIS = YES;
				CLANG_WARN_STRICT_PROTOTYPES = YES;
				CLANG_WARN_SUSPICIOUS_MOVE = YES;
				CLANG_WARN_UNGUARDED_AVAILABILITY = YES_AGGRESSIVE;
				CLANG_WARN_UNREACHABLE_CODE = YES;
				CLANG_WARN__DUPLICATE_METHOD_MATCH = YES;
				COPY_PHASE_STRIP = NO;
				DEBUG_INFORMATION_FORMAT = dwarf;
				ENABLE_STRICT_OBJC_MSGSEND = YES;
				ENABLE_TESTABILITY = YES;
				GCC_C_LANGUAGE_STANDARD = gnu11;
				GCC_DYNAMIC_NO_PIC = NO;
				GCC_NO_COMMON_BLOCKS = YES;
				GCC_OPTIMIZATION_LEVEL = 0;
				GCC_PREPROCESSOR_DEFINITIONS = (
					"DEBUG=1",
					"$(inherited)",
				);
				GCC_WARN_64_TO_32_BIT_CONVERSION = YES;
				GCC_WARN_ABOUT_RETURN_TYPE = YES_ERROR;
				GCC_WARN_UNDECLARED_SELECTOR = YES;
				GCC_WARN_UNINITIALIZED_AUTOS = YES_AGGRESSIVE;
				GCC_WARN_UNUSED_FUNCTION = YES;
				GCC_WARN_UNUSED_VARIABLE = YES;
				IPHONEOS_DEPLOYMENT_TARGET = 15.0;
				MTL_ENABLE_DEBUG_INFO = INCLUDE_SOURCE;
				MTL_FAST_MATH = YES;
				ONLY_ACTIVE_ARCH = YES;
				SDKROOT = iphoneos;
				SWIFT_ACTIVE_COMPILATION_CONDITIONS = DEBUG;
				SWIFT_OPTIMIZATION_LEVEL = "-Onone";
			};
			name = Debug;
		};
		3FF4C3C0275F83F4008C3A67 /* Release */ = {
			isa = XCBuildConfiguration;
			buildSettings = {
				ALWAYS_SEARCH_USER_PATHS = NO;
				CLANG_ANALYZER_NONNULL = YES;
				CLANG_ANALYZER_NUMBER_OBJECT_CONVERSION = YES_AGGRESSIVE;
				CLANG_CXX_LANGUAGE_STANDARD = "gnu++17";
				CLANG_CXX_LIBRARY = "libc++";
				CLANG_ENABLE_MODULES = YES;
				CLANG_ENABLE_OBJC_ARC = YES;
				CLANG_ENABLE_OBJC_WEAK = YES;
				CLANG_WARN_BLOCK_CAPTURE_AUTORELEASING = YES;
				CLANG_WARN_BOOL_CONVERSION = YES;
				CLANG_WARN_COMMA = YES;
				CLANG_WARN_CONSTANT_CONVERSION = YES;
				CLANG_WARN_DEPRECATED_OBJC_IMPLEMENTATIONS = YES;
				CLANG_WARN_DIRECT_OBJC_ISA_USAGE = YES_ERROR;
				CLANG_WARN_DOCUMENTATION_COMMENTS = YES;
				CLANG_WARN_EMPTY_BODY = YES;
				CLANG_WARN_ENUM_CONVERSION = YES;
				CLANG_WARN_INFINITE_RECURSION = YES;
				CLANG_WARN_INT_CONVERSION = YES;
				CLANG_WARN_NON_LITERAL_NULL_CONVERSION = YES;
				CLANG_WARN_OBJC_IMPLICIT_RETAIN_SELF = YES;
				CLANG_WARN_OBJC_LITERAL_CONVERSION = YES;
				CLANG_WARN_OBJC_ROOT_CLASS = YES_ERROR;
				CLANG_WARN_QUOTED_INCLUDE_IN_FRAMEWORK_HEADER = YES;
				CLANG_WARN_RANGE_LOOP_ANALYSIS = YES;
				CLANG_WARN_STRICT_PROTOTYPES = YES;
				CLANG_WARN_SUSPICIOUS_MOVE = YES;
				CLANG_WARN_UNGUARDED_AVAILABILITY = YES_AGGRESSIVE;
				CLANG_WARN_UNREACHABLE_CODE = YES;
				CLANG_WARN__DUPLICATE_METHOD_MATCH = YES;
				COPY_PHASE_STRIP = NO;
				DEBUG_INFORMATION_FORMAT = "dwarf-with-dsym";
				ENABLE_NS_ASSERTIONS = NO;
				ENABLE_STRICT_OBJC_MSGSEND = YES;
				GCC_C_LANGUAGE_STANDARD = gnu11;
				GCC_NO_COMMON_BLOCKS = YES;
				GCC_WARN_64_TO_32_BIT_CONVERSION = YES;
				GCC_WARN_ABOUT_RETURN_TYPE = YES_ERROR;
				GCC_WARN_UNDECLARED_SELECTOR = YES;
				GCC_WARN_UNINITIALIZED_AUTOS = YES_AGGRESSIVE;
				GCC_WARN_UNUSED_FUNCTION = YES;
				GCC_WARN_UNUSED_VARIABLE = YES;
				IPHONEOS_DEPLOYMENT_TARGET = 15.0;
				MTL_ENABLE_DEBUG_INFO = NO;
				MTL_FAST_MATH = YES;
				SDKROOT = iphoneos;
				SWIFT_COMPILATION_MODE = wholemodule;
				SWIFT_OPTIMIZATION_LEVEL = "-O";
				VALIDATE_PRODUCT = YES;
			};
			name = Release;
		};
		3FF4C3C2275F83F4008C3A67 /* Debug */ = {
			isa = XCBuildConfiguration;
			buildSettings = {
				ASSETCATALOG_COMPILER_APPICON_NAME = AppIcon;
				ASSETCATALOG_COMPILER_GLOBAL_ACCENT_COLOR_NAME = AccentColor;
				CODE_SIGN_STYLE = Automatic;
				CURRENT_PROJECT_VERSION = 1;
				DEVELOPMENT_TEAM = 7YZ28BX3VS;
				GENERATE_INFOPLIST_FILE = YES;
				INFOPLIST_FILE = "Contacts/Supporting Files/Info.plist";
				INFOPLIST_KEY_UIApplicationSupportsIndirectInputEvents = YES;
				INFOPLIST_KEY_UILaunchStoryboardName = LaunchScreen;
				INFOPLIST_KEY_UIMainStoryboardFile = Main;
				INFOPLIST_KEY_UISupportedInterfaceOrientations_iPad = "UIInterfaceOrientationPortrait UIInterfaceOrientationPortraitUpsideDown UIInterfaceOrientationLandscapeLeft UIInterfaceOrientationLandscapeRight";
				INFOPLIST_KEY_UISupportedInterfaceOrientations_iPhone = "UIInterfaceOrientationPortrait UIInterfaceOrientationLandscapeLeft UIInterfaceOrientationLandscapeRight";
				LD_RUNPATH_SEARCH_PATHS = (
					"$(inherited)",
					"@executable_path/Frameworks",
				);
				MARKETING_VERSION = 1.0;
				PRODUCT_BUNDLE_IDENTIFIER = ru.aesergeev.Contacts;
				PRODUCT_NAME = "$(TARGET_NAME)";
				SWIFT_EMIT_LOC_STRINGS = YES;
				SWIFT_VERSION = 5.0;
				TARGETED_DEVICE_FAMILY = 1;
			};
			name = Debug;
		};
		3FF4C3C3275F83F4008C3A67 /* Release */ = {
			isa = XCBuildConfiguration;
			buildSettings = {
				ASSETCATALOG_COMPILER_APPICON_NAME = AppIcon;
				ASSETCATALOG_COMPILER_GLOBAL_ACCENT_COLOR_NAME = AccentColor;
				CODE_SIGN_STYLE = Automatic;
				CURRENT_PROJECT_VERSION = 1;
				DEVELOPMENT_TEAM = 7YZ28BX3VS;
				GENERATE_INFOPLIST_FILE = YES;
				INFOPLIST_FILE = "Contacts/Supporting Files/Info.plist";
				INFOPLIST_KEY_UIApplicationSupportsIndirectInputEvents = YES;
				INFOPLIST_KEY_UILaunchStoryboardName = LaunchScreen;
				INFOPLIST_KEY_UIMainStoryboardFile = Main;
				INFOPLIST_KEY_UISupportedInterfaceOrientations_iPad = "UIInterfaceOrientationPortrait UIInterfaceOrientationPortraitUpsideDown UIInterfaceOrientationLandscapeLeft UIInterfaceOrientationLandscapeRight";
				INFOPLIST_KEY_UISupportedInterfaceOrientations_iPhone = "UIInterfaceOrientationPortrait UIInterfaceOrientationLandscapeLeft UIInterfaceOrientationLandscapeRight";
				LD_RUNPATH_SEARCH_PATHS = (
					"$(inherited)",
					"@executable_path/Frameworks",
				);
				MARKETING_VERSION = 1.0;
				PRODUCT_BUNDLE_IDENTIFIER = ru.aesergeev.Contacts;
				PRODUCT_NAME = "$(TARGET_NAME)";
				SWIFT_EMIT_LOC_STRINGS = YES;
				SWIFT_VERSION = 5.0;
				TARGETED_DEVICE_FAMILY = 1;
			};
			name = Release;
		};
/* End XCBuildConfiguration section */

/* Begin XCConfigurationList section */
		3FF4C3A8275F83F2008C3A67 /* Build configuration list for PBXProject "Contacts" */ = {
			isa = XCConfigurationList;
			buildConfigurations = (
				3FF4C3BF275F83F4008C3A67 /* Debug */,
				3FF4C3C0275F83F4008C3A67 /* Release */,
			);
			defaultConfigurationIsVisible = 0;
			defaultConfigurationName = Release;
		};
		3FF4C3C1275F83F4008C3A67 /* Build configuration list for PBXNativeTarget "Contacts" */ = {
			isa = XCConfigurationList;
			buildConfigurations = (
				3FF4C3C2275F83F4008C3A67 /* Debug */,
				3FF4C3C3275F83F4008C3A67 /* Release */,
			);
			defaultConfigurationIsVisible = 0;
			defaultConfigurationName = Release;
		};
/* End XCConfigurationList section */
	};
	rootObject = 3FF4C3A5275F83F2008C3A67 /* Project object */;
}
